
Microsoft Visual Studio Solution File, Format Version 12.00
# Visual Studio 15
VisualStudioVersion = 15.0.27703.2000
MinimumVisualStudioVersion = 10.0.40219.1
Project("{FAE04EC0-301F-11D3-BF4B-00C04F79EFBC}") = "Desicion", "NiceToHave.Desicion\Desicion.csproj", "{CC6A6FF9-3089-4A1A-B420-0A3D971B6B04}"
EndProject
Project("{FAE04EC0-301F-11D3-BF4B-00C04F79EFBC}") = "Utils", "NiceToHave.Utils\Utils.csproj", "{89E2B4B6-520C-48E0-B4AB-7253204F76E1}"
EndProject
Project("{FAE04EC0-301F-11D3-BF4B-00C04F79EFBC}") = "Test", "NiceToHave.Test\Test.csproj", "{4E278D91-75ED-46F9-BFA1-34C1A51B2B11}"
EndProject
Global
	GlobalSection(SolutionConfigurationPlatforms) = preSolution
		Debug|Any CPU = Debug|Any CPU
		Release|Any CPU = Release|Any CPU
	EndGlobalSection
	GlobalSection(ProjectConfigurationPlatforms) = postSolution
		{CC6A6FF9-3089-4A1A-B420-0A3D971B6B04}.Debug|Any CPU.ActiveCfg = Debug|Any CPU
		{CC6A6FF9-3089-4A1A-B420-0A3D971B6B04}.Debug|Any CPU.Build.0 = Debug|Any CPU
		{CC6A6FF9-3089-4A1A-B420-0A3D971B6B04}.Release|Any CPU.ActiveCfg = Release|Any CPU
		{CC6A6FF9-3089-4A1A-B420-0A3D971B6B04}.Release|Any CPU.Build.0 = Release|Any CPU
		{89E2B4B6-520C-48E0-B4AB-7253204F76E1}.Debug|Any CPU.ActiveCfg = Debug|Any CPU
		{89E2B4B6-520C-48E0-B4AB-7253204F76E1}.Debug|Any CPU.Build.0 = Debug|Any CPU
		{89E2B4B6-520C-48E0-B4AB-7253204F76E1}.Release|Any CPU.ActiveCfg = Release|Any CPU
		{89E2B4B6-520C-48E0-B4AB-7253204F76E1}.Release|Any CPU.Build.0 = Release|Any CPU
		{4E278D91-75ED-46F9-BFA1-34C1A51B2B11}.Debug|Any CPU.ActiveCfg = Debug|Any CPU
		{4E278D91-75ED-46F9-BFA1-34C1A51B2B11}.Debug|Any CPU.Build.0 = Debug|Any CPU
		{4E278D91-75ED-46F9-BFA1-34C1A51B2B11}.Release|Any CPU.ActiveCfg = Release|Any CPU
		{4E278D91-75ED-46F9-BFA1-34C1A51B2B11}.Release|Any CPU.Build.0 = Release|Any CPU
	EndGlobalSection
	GlobalSection(SolutionProperties) = preSolution
		HideSolutionNode = FALSE
	EndGlobalSection
	GlobalSection(ExtensibilityGlobals) = postSolution
		SolutionGuid = {A5D28C93-4042-4151-A2B9-E68273D88B0A}
	EndGlobalSection
EndGlobal
